
Microsoft Visual Studio Solution File, Format Version 12.00
# Visual Studio 15
VisualStudioVersion = 15.0.28307.329
MinimumVisualStudioVersion = 10.0.40219.1
Project("{FAE04EC0-301F-11D3-BF4B-00C04F79EFBC}") = "SortAlgorithms", "SortAlgorithms\SortAlgorithms.csproj", "{8250E960-9B1F-4550-A6E2-FFC5D2B4EE25}"
EndProject
Project("{FAE04EC0-301F-11D3-BF4B-00C04F79EFBC}") = "Algotithm", "Algotithm\Algotithm.csproj", "{1F8E5C54-4032-4791-B9A1-20FDF3B22EA3}"
EndProject
Project("{FAE04EC0-301F-11D3-BF4B-00C04F79EFBC}") = "AlgotithmTests", "AlgotithmTests\AlgotithmTests.csproj", "{E5747471-392D-4E80-A4E3-2EA0A83762E2}"
EndProject
Global
	GlobalSection(SolutionConfigurationPlatforms) = preSolution
		Debug|Any CPU = Debug|Any CPU
		Release|Any CPU = Release|Any CPU
	EndGlobalSection
	GlobalSection(ProjectConfigurationPlatforms) = postSolution
		{8250E960-9B1F-4550-A6E2-FFC5D2B4EE25}.Debug|Any CPU.ActiveCfg = Debug|Any CPU
		{8250E960-9B1F-4550-A6E2-FFC5D2B4EE25}.Debug|Any CPU.Build.0 = Debug|Any CPU
		{8250E960-9B1F-4550-A6E2-FFC5D2B4EE25}.Release|Any CPU.ActiveCfg = Release|Any CPU
		{8250E960-9B1F-4550-A6E2-FFC5D2B4EE25}.Release|Any CPU.Build.0 = Release|Any CPU
		{1F8E5C54-4032-4791-B9A1-20FDF3B22EA3}.Debug|Any CPU.ActiveCfg = Debug|Any CPU
		{1F8E5C54-4032-4791-B9A1-20FDF3B22EA3}.Debug|Any CPU.Build.0 = Debug|Any CPU
		{1F8E5C54-4032-4791-B9A1-20FDF3B22EA3}.Release|Any CPU.ActiveCfg = Release|Any CPU
		{1F8E5C54-4032-4791-B9A1-20FDF3B22EA3}.Release|Any CPU.Build.0 = Release|Any CPU
		{E5747471-392D-4E80-A4E3-2EA0A83762E2}.Debug|Any CPU.ActiveCfg = Debug|Any CPU
		{E5747471-392D-4E80-A4E3-2EA0A83762E2}.Debug|Any CPU.Build.0 = Debug|Any CPU
		{E5747471-392D-4E80-A4E3-2EA0A83762E2}.Release|Any CPU.ActiveCfg = Release|Any CPU
		{E5747471-392D-4E80-A4E3-2EA0A83762E2}.Release|Any CPU.Build.0 = Release|Any CPU
	EndGlobalSection
	GlobalSection(SolutionProperties) = preSolution
		HideSolutionNode = FALSE
	EndGlobalSection
	GlobalSection(ExtensibilityGlobals) = postSolution
		SolutionGuid = {984C94A7-343C-4864-BE23-96E3C84C9CF1}
	EndGlobalSection
EndGlobal
